<?xml version="1.0" encoding="utf-8"?>
<Project ToolsVersion="4.0" xmlns="http://schemas.microsoft.com/developer/msbuild/2003">
  <ItemGroup>
    <Filter Include="소스 파일">
      <UniqueIdentifier>{4FC737F1-C7A5-4376-A066-2A32D752A2FF}</UniqueIdentifier>
      <Extensions>cpp;c;cc;cxx;c++;cppm;ixx;def;odl;idl;hpj;bat;asm;asmx</Extensions>
    </Filter>
    <Filter Include="헤더 파일">
      <UniqueIdentifier>{93995380-89BD-4b04-88EB-625FBE52EBFB}</UniqueIdentifier>
      <Extensions>h;hh;hpp;hxx;h++;hm;inl;inc;ipp;xsd</Extensions>
    </Filter>
    <Filter Include="리소스 파일">
      <UniqueIdentifier>{67DA6AB6-F800-4c08-8B7A-83BB121AAD01}</UniqueIdentifier>
      <Extensions>rc;ico;cur;bmp;dlg;rc2;rct;bin;rgs;gif;jpg;jpeg;jpe;resx;tiff;tif;png;wav;mfcribbon-ms</Extensions>
    </Filter>
  </ItemGroup>
  <ItemGroup>
    <ClInclude Include="framework.h">
      <Filter>헤더 파일</Filter>
    </ClInclude>
    <ClInclude Include="targetver.h">
      <Filter>헤더 파일</Filter>
    </ClInclude>
    <ClInclude Include="Resource.h">
      <Filter>헤더 파일</Filter>
    </ClInclude>
    <ClInclude Include="WinapiPortfolio.h">
      <Filter>헤더 파일</Filter>
    </ClInclude>
    <ClInclude Include="Data\DungeonData.h">
      <Filter>헤더 파일</Filter>
    </ClInclude>
    <ClInclude Include="Data\SpriteTextureMapData.h">
      <Filter>헤더 파일</Filter>
    </ClInclude>
    <ClInclude Include="D2DFramework\Graphics\include\Graphics.h">
      <Filter>헤더 파일</Filter>
    </ClInclude>
    <ClInclude Include="Level\Level1.h">
      <Filter>헤더 파일</Filter>
    </ClInclude>
    <ClInclude Include="Level\Dungeon.h">
      <Filter>헤더 파일</Filter>
    </ClInclude>
    <ClInclude Include="Level\D01\D01.h">
      <Filter>헤더 파일</Filter>
    </ClInclude>
    <ClInclude Include="Level\D01\D01PartTypes.h">
      <Filter>헤더 파일</Filter>
    </ClInclude>
    <ClInclude Include="Level\D01\D01PartTemplateLibrary.h">
      <Filter>헤더 파일</Filter>
    </ClInclude>
    <ClInclude Include="Level\D01\D01CellPlacer.h">
      <Filter>헤더 파일</Filter>
    </ClInclude>
    <ClInclude Include="Level\D01\D01PartRenderer.h">
      <Filter>헤더 파일</Filter>
    </ClInclude>
    <ClInclude Include="Level\SpriteSetEditor.h">
      <Filter>헤더 파일</Filter>
    </ClInclude>
    <ClInclude Include="D2DFramework\Graphics\include\SpriteSheet.h">
      <Filter>헤더 파일</Filter>
    </ClInclude>
    <ClInclude Include="D2DFramework\Component\include\CollisionComponent.h">
      <Filter>헤더 파일</Filter>
    </ClInclude>
    <ClInclude Include="D2DFramework\Component\include\Component.h">
      <Filter>헤더 파일</Filter>
    </ClInclude>
    <ClInclude Include="D2DFramework\Component\include\SpriteRenderComponent.h">
      <Filter>헤더 파일</Filter>
    </ClInclude>
    <ClInclude Include="D2DFramework\Core\include\NonRenderObject.h">
      <Filter>헤더 파일</Filter>
    </ClInclude>
    <ClInclude Include="D2DFramework\Core\include\RenderObject.h">
      <Filter>헤더 파일</Filter>
    </ClInclude>
    <ClInclude Include="D2DFramework\Core\include\Singleton.h">
      <Filter>헤더 파일</Filter>
    </ClInclude>
    <ClInclude Include="D2DFramework\Graphics\include\SpriteAtlas.h">
      <Filter>헤더 파일</Filter>
    </ClInclude>
    <ClInclude Include="D2DFramework\Graphics\include\SpriteSheetAnimation.h">
      <Filter>헤더 파일</Filter>
    </ClInclude>
    <ClInclude Include="D2DFramework\Lib\include\json.hpp">
      <Filter>헤더 파일</Filter>
    </ClInclude>
    <ClInclude Include="D2DFramework\Manager\include\DataManager.h">
      <Filter>헤더 파일</Filter>
    </ClInclude>
    <ClInclude Include="D2DFramework\Manager\include\SpriteSheetManager.h">
      <Filter>헤더 파일</Filter>
    </ClInclude>
    <ClInclude Include="D2DFramework\Physics\include\CollisionCalc.h">
      <Filter>헤더 파일</Filter>
    </ClInclude>
    <ClInclude Include="D2DFramework\Camera\include\Camera.h">
      <Filter>헤더 파일</Filter>
    </ClInclude>
    <ClInclude Include="D2DFramework\Math\include\Vector3.h">
      <Filter>헤더 파일</Filter>
    </ClInclude>
    <ClInclude Include="D2DFramework\Math\include\Vector4.h">
      <Filter>헤더 파일</Filter>
    </ClInclude>
    <ClInclude Include="D2DFramework\Math\include\Matrix4x4.h">
      <Filter>헤더 파일</Filter>
    </ClInclude>
  </ItemGroup>
  <ItemGroup>
    <ClCompile Include="main.cpp">
      <Filter>소스 파일</Filter>
    </ClCompile>
    <ClCompile Include="D2DFramework\Graphics\src\Graphics.cpp">
      <Filter>소스 파일</Filter>
    </ClCompile>
    <ClCompile Include="D2DFramework\Scene\include\GameLevel.h">
      <Filter>소스 파일</Filter>
    </ClCompile>
    <ClCompile Include="D2DFramework\Scene\src\GameLevel.cpp">
      <Filter>소스 파일</Filter>
    </ClCompile>
    <ClCompile Include="D2DFramework\Manager\include\SceneManager.h">
      <Filter>소스 파일</Filter>
    </ClCompile>
    <ClCompile Include="D2DFramework\Manager\src\SceneManager.cpp">
      <Filter>소스 파일</Filter>
    </ClCompile>
    <ClCompile Include="Level\Level1.cpp">
      <Filter>소스 파일</Filter>
    </ClCompile>
    <ClCompile Include="Level\Dungeon.cpp">
      <Filter>소스 파일</Filter>
    </ClCompile>
    <ClCompile Include="Level\D01\D01.cpp">
      <Filter>소스 파일</Filter>
    </ClCompile>
    <ClCompile Include="Level\D01\D01PartTemplateLibrary.cpp">
      <Filter>소스 파일</Filter>
    </ClCompile>
    <ClCompile Include="Level\D01\D01CellPlacer.cpp">
      <Filter>소스 파일</Filter>
    </ClCompile>
    <ClCompile Include="Level\D01\D01PartRenderer.cpp">
      <Filter>소스 파일</Filter>
    </ClCompile>
    <ClCompile Include="Level\SpriteSetEditor.cpp">
      <Filter>소스 파일</Filter>
    </ClCompile>
    <ClCompile Include="D2DFramework\Graphics\src\SpriteSheet.cpp">
      <Filter>소스 파일</Filter>
    </ClCompile>
    <ClCompile Include="D2DFramework\Component\src\CollisionComponent.cpp">
      <Filter>소스 파일</Filter>
    </ClCompile>
    <ClCompile Include="D2DFramework\Component\src\Component.cpp">
      <Filter>소스 파일</Filter>
    </ClCompile>
    <ClCompile Include="D2DFramework\Component\src\SpriteRenderComponent.cpp">
      <Filter>소스 파일</Filter>
    </ClCompile>
    <ClCompile Include="D2DFramework\Core\src\NonRenderObject.cpp">
      <Filter>소스 파일</Filter>
    </ClCompile>
    <ClCompile Include="D2DFramework\Core\src\RenderObject.cpp">
      <Filter>소스 파일</Filter>
    </ClCompile>
    <ClCompile Include="D2DFramework\Graphics\src\SpriteAtlas.cpp">
      <Filter>소스 파일</Filter>
    </ClCompile>
    <ClCompile Include="D2DFramework\Graphics\src\SpriteSheetAnimation.cpp">
      <Filter>소스 파일</Filter>
    </ClCompile>
    <ClCompile Include="D2DFramework\Manager\src\DataManager.cpp">
      <Filter>소스 파일</Filter>
    </ClCompile>
    <ClCompile Include="D2DFramework\Manager\src\SpriteSheetManager.cpp">
      <Filter>소스 파일</Filter>
    </ClCompile>
    <ClCompile Include="D2DFramework\Physics\src\CollisionCalc.cpp">
      <Filter>소스 파일</Filter>
    </ClCompile>
    <ClCompile Include="D2DFramework\Camera\src\Camera.cpp">
      <Filter>소스 파일</Filter>
    </ClCompile>
    <ClCompile Include="D2DFramework\Math\src\Vector3.cpp">
      <Filter>소스 파일</Filter>
    </ClCompile>
    <ClCompile Include="D2DFramework\Math\src\Matrix4x4.cpp">
      <Filter>소스 파일</Filter>
    </ClCompile>
  </ItemGroup>
  <ItemGroup>
    <ResourceCompile Include="WinapiPortfolio.rc">
      <Filter>리소스 파일</Filter>
    </ResourceCompile>
  </ItemGroup>
  <ItemGroup>
    <Image Include="small.ico">
      <Filter>리소스 파일</Filter>
    </Image>
    <Image Include="WinapiPortfolio.ico">
      <Filter>리소스 파일</Filter>
    </Image>
  </ItemGroup>
</Project>